
Microsoft Visual Studio Solution File, Format Version 12.00
# Visual Studio 14
VisualStudioVersion = 14.0.23107.0
MinimumVisualStudioVersion = 10.0.40219.1
Project("{8BC9CEB8-8B4A-11D0-8D11-00A0C91BC942}") = "StackJIT", "StackJIT.vcxproj", "{50A3A101-235D-4AE2-9619-75C3544B42B9}"
EndProject
Project("{8BC9CEB8-8B4A-11D0-8D11-00A0C91BC942}") = "Tests", "tests\Tests.vcxproj", "{23A9ECD7-7C9C-4B3D-80D6-7DEEC8CCEAC9}"
	ProjectSection(ProjectDependencies) = postProject
		{50A3A101-235D-4AE2-9619-75C3544B42B9} = {50A3A101-235D-4AE2-9619-75C3544B42B9}
	EndProjectSection
EndProject
Global
	GlobalSection(SolutionConfigurationPlatforms) = preSolution
		Debug|x64 = Debug|x64
		Debug|x86 = Debug|x86
		Release|x64 = Release|x64
		Release|x86 = Release|x86
		Template|x64 = Template|x64
		Template|x86 = Template|x86
	EndGlobalSection
	GlobalSection(ProjectConfigurationPlatforms) = postSolution
		{50A3A101-235D-4AE2-9619-75C3544B42B9}.Debug|x64.ActiveCfg = Debug|x64
		{50A3A101-235D-4AE2-9619-75C3544B42B9}.Debug|x64.Build.0 = Debug|x64
		{50A3A101-235D-4AE2-9619-75C3544B42B9}.Debug|x86.ActiveCfg = Debug|Win32
		{50A3A101-235D-4AE2-9619-75C3544B42B9}.Debug|x86.Build.0 = Debug|Win32
		{50A3A101-235D-4AE2-9619-75C3544B42B9}.Release|x64.ActiveCfg = Release|x64
		{50A3A101-235D-4AE2-9619-75C3544B42B9}.Release|x64.Build.0 = Release|x64
		{50A3A101-235D-4AE2-9619-75C3544B42B9}.Release|x86.ActiveCfg = Release|Win32
		{50A3A101-235D-4AE2-9619-75C3544B42B9}.Release|x86.Build.0 = Release|Win32
		{50A3A101-235D-4AE2-9619-75C3544B42B9}.Template|x64.ActiveCfg = Release|x64
		{50A3A101-235D-4AE2-9619-75C3544B42B9}.Template|x64.Build.0 = Release|x64
		{50A3A101-235D-4AE2-9619-75C3544B42B9}.Template|x86.ActiveCfg = Release|Win32
		{50A3A101-235D-4AE2-9619-75C3544B42B9}.Template|x86.Build.0 = Release|Win32
		{23A9ECD7-7C9C-4B3D-80D6-7DEEC8CCEAC9}.Debug|x64.ActiveCfg = Debug|x64
		{23A9ECD7-7C9C-4B3D-80D6-7DEEC8CCEAC9}.Debug|x64.Build.0 = Debug|x64
		{23A9ECD7-7C9C-4B3D-80D6-7DEEC8CCEAC9}.Debug|x86.ActiveCfg = Debug|Win32
		{23A9ECD7-7C9C-4B3D-80D6-7DEEC8CCEAC9}.Debug|x86.Build.0 = Debug|Win32
		{23A9ECD7-7C9C-4B3D-80D6-7DEEC8CCEAC9}.Release|x64.ActiveCfg = Release|x64
		{23A9ECD7-7C9C-4B3D-80D6-7DEEC8CCEAC9}.Release|x64.Build.0 = Release|x64
		{23A9ECD7-7C9C-4B3D-80D6-7DEEC8CCEAC9}.Release|x86.ActiveCfg = Release|Win32
		{23A9ECD7-7C9C-4B3D-80D6-7DEEC8CCEAC9}.Release|x86.Build.0 = Release|Win32
		{23A9ECD7-7C9C-4B3D-80D6-7DEEC8CCEAC9}.Template|x64.ActiveCfg = Release|x64
		{23A9ECD7-7C9C-4B3D-80D6-7DEEC8CCEAC9}.Template|x64.Build.0 = Release|x64
		{23A9ECD7-7C9C-4B3D-80D6-7DEEC8CCEAC9}.Template|x86.ActiveCfg = Release|Win32
		{23A9ECD7-7C9C-4B3D-80D6-7DEEC8CCEAC9}.Template|x86.Build.0 = Release|Win32
	EndGlobalSection
	GlobalSection(SolutionProperties) = preSolution
		HideSolutionNode = FALSE
	EndGlobalSection
EndGlobal
