<?xml version="1.0" encoding="utf-8"?>
<Project ToolsVersion="4.0" xmlns="http://schemas.microsoft.com/developer/msbuild/2003">
  <ItemGroup>
    <Filter Include="Source Files">
      <UniqueIdentifier>{4FC737F1-C7A5-4376-A066-2A32D752A2FF}</UniqueIdentifier>
      <Extensions>cpp;c;cc;cxx;def;odl;idl;hpj;bat;asm;asmx</Extensions>
    </Filter>
    <Filter Include="Header Files">
      <UniqueIdentifier>{93995380-89BD-4b04-88EB-625FBE52EBFB}</UniqueIdentifier>
      <Extensions>h;hh;hpp;hxx;hm;inl;inc;xsd</Extensions>
    </Filter>
    <Filter Include="Resource Files">
      <UniqueIdentifier>{67DA6AB6-F800-4c08-8B7A-83BB121AAD01}</UniqueIdentifier>
      <Extensions>rc;ico;cur;bmp;dlg;rc2;rct;bin;rgs;gif;jpg;jpeg;jpe;resx;tiff;tif;png;wav;mfcribbon-ms</Extensions>
    </Filter>
    <Filter Include="Source Files\windows">
      <UniqueIdentifier>{94b43173-7bf7-4374-b744-b74303a2d7ea}</UniqueIdentifier>
    </Filter>
    <Filter Include="Header Files\windows">
      <UniqueIdentifier>{71dc2e96-fe21-4bf5-a514-a9b47d699af3}</UniqueIdentifier>
    </Filter>
    <Filter Include="Source Files\compiler">
      <UniqueIdentifier>{44807966-9af3-450c-bc8d-f29218e25554}</UniqueIdentifier>
    </Filter>
    <Filter Include="Header Files\compiler">
      <UniqueIdentifier>{ef75b2c1-0047-4aad-a4f3-5bd13dfbb38f}</UniqueIdentifier>
    </Filter>
    <Filter Include="Header Files\loader">
      <UniqueIdentifier>{171c31f3-9b0e-4481-9879-aad0c27f46d9}</UniqueIdentifier>
    </Filter>
    <Filter Include="Source Files\loader">
      <UniqueIdentifier>{17c099d4-3147-43b3-a418-1b522acacbb2}</UniqueIdentifier>
    </Filter>
    <Filter Include="Header Files\runtime">
      <UniqueIdentifier>{6e63d3a8-136f-43bf-8be6-7bdd459b59c3}</UniqueIdentifier>
    </Filter>
    <Filter Include="Header Files\test">
      <UniqueIdentifier>{d44b9f24-fed0-47af-b79c-bf3f5b0a3b1d}</UniqueIdentifier>
    </Filter>
    <Filter Include="Source Files\test">
      <UniqueIdentifier>{f424571f-a850-42d5-a652-fe13f4a49a9e}</UniqueIdentifier>
    </Filter>
    <Filter Include="Source Files\runtime">
      <UniqueIdentifier>{3b58acea-d2db-47d6-a56e-f378379c066e}</UniqueIdentifier>
    </Filter>
    <Filter Include="Header Files\type">
      <UniqueIdentifier>{22ad7157-c6fe-446f-919e-890acaacef12}</UniqueIdentifier>
    </Filter>
    <Filter Include="Source Files\type">
      <UniqueIdentifier>{ef1482f2-70d3-4ecc-aab7-a48067d53e7e}</UniqueIdentifier>
    </Filter>
  </ItemGroup>
  <ItemGroup>
    <ClInclude Include="..\src\windows\callingconvention.h">
      <Filter>Header Files\windows</Filter>
    </ClInclude>
    <ClInclude Include="..\src\bytecodegenerator.h">
      <Filter>Header Files</Filter>
    </ClInclude>
    <ClInclude Include="..\src\executionengine.h">
      <Filter>Header Files</Filter>
    </ClInclude>
    <ClInclude Include="..\src\function.h">
      <Filter>Header Files</Filter>
    </ClInclude>
    <ClInclude Include="..\src\functionsignature.h">
      <Filter>Header Files</Filter>
    </ClInclude>
    <ClInclude Include="..\src\helpers.h">
      <Filter>Header Files</Filter>
    </ClInclude>
    <ClInclude Include="..\src\instructions.h">
      <Filter>Header Files</Filter>
    </ClInclude>
    <ClInclude Include="..\src\instructionset.h">
      <Filter>Header Files</Filter>
    </ClInclude>
    <ClInclude Include="..\src\stackjit.h">
      <Filter>Header Files</Filter>
    </ClInclude>
    <ClInclude Include="..\src\vmstate.h">
      <Filter>Header Files</Filter>
    </ClInclude>
    <ClInclude Include="..\src\compiler\amd64.h">
      <Filter>Header Files\compiler</Filter>
    </ClInclude>
    <ClInclude Include="..\src\compiler\binder.h">
      <Filter>Header Files\compiler</Filter>
    </ClInclude>
    <ClInclude Include="..\src\compiler\callingconvention.h">
      <Filter>Header Files\compiler</Filter>
    </ClInclude>
    <ClInclude Include="..\src\compiler\codegenerator.h">
      <Filter>Header Files\compiler</Filter>
    </ClInclude>
    <ClInclude Include="..\src\compiler\compilationdata.h">
      <Filter>Header Files\compiler</Filter>
    </ClInclude>
    <ClInclude Include="..\src\compiler\exceptions.h">
      <Filter>Header Files\compiler</Filter>
    </ClInclude>
    <ClInclude Include="..\src\compiler\jit.h">
      <Filter>Header Files\compiler</Filter>
    </ClInclude>
    <ClInclude Include="..\src\compiler\memory.h">
      <Filter>Header Files\compiler</Filter>
    </ClInclude>
    <ClInclude Include="..\src\loader\imagecontainer.h">
      <Filter>Header Files\loader</Filter>
    </ClInclude>
    <ClInclude Include="..\src\loader\imageloader.h">
      <Filter>Header Files\loader</Filter>
    </ClInclude>
    <ClInclude Include="..\src\loader\loader.h">
      <Filter>Header Files\loader</Filter>
    </ClInclude>
    <ClInclude Include="..\src\loader\parser.h">
      <Filter>Header Files\loader</Filter>
    </ClInclude>
    <ClInclude Include="..\src\loader\verifier.h">
      <Filter>Header Files\loader</Filter>
    </ClInclude>
    <ClInclude Include="..\src\runtime\callstack.h">
      <Filter>Header Files\runtime</Filter>
    </ClInclude>
    <ClInclude Include="..\src\runtime\gc.h">
      <Filter>Header Files\runtime</Filter>
    </ClInclude>
    <ClInclude Include="..\src\runtime\native.h">
      <Filter>Header Files\runtime</Filter>
    </ClInclude>
    <ClInclude Include="..\src\runtime\rtlibrary.h">
      <Filter>Header Files\runtime</Filter>
    </ClInclude>
    <ClInclude Include="..\src\runtime\stackframe.h">
      <Filter>Header Files\runtime</Filter>
    </ClInclude>
    <ClInclude Include="..\src\test\test.h">
      <Filter>Header Files\test</Filter>
    </ClInclude>
    <ClInclude Include="..\src\type\classmetadata.h">
      <Filter>Header Files\type</Filter>
    </ClInclude>
    <ClInclude Include="..\src\type\objectref.h">
      <Filter>Header Files\type</Filter>
    </ClInclude>
    <ClInclude Include="..\src\type\objectref.hpp">
      <Filter>Header Files\type</Filter>
    </ClInclude>
    <ClInclude Include="..\src\type\objects.h">
      <Filter>Header Files\type</Filter>
    </ClInclude>
    <ClInclude Include="..\src\type\type.h">
      <Filter>Header Files\type</Filter>
    </ClInclude>
    <ClInclude Include="..\src\type\typeprovider.h">
      <Filter>Header Files\type</Filter>
    </ClInclude>
  </ItemGroup>
  <ItemGroup>
    <ClCompile Include="..\src\windows\callingconvetion.cpp">
      <Filter>Source Files\windows</Filter>
    </ClCompile>
    <ClCompile Include="..\src\windows\memory.cpp">
      <Filter>Source Files\windows</Filter>
    </ClCompile>
    <ClCompile Include="..\src\bytecodegenerator.cpp">
      <Filter>Source Files</Filter>
    </ClCompile>
    <ClCompile Include="..\src\executionengine.cpp">
      <Filter>Source Files</Filter>
    </ClCompile>
    <ClCompile Include="..\src\function.cpp">
      <Filter>Source Files</Filter>
    </ClCompile>
    <ClCompile Include="..\src\functionsignature.cpp">
      <Filter>Source Files</Filter>
    </ClCompile>
    <ClCompile Include="..\src\helpers.cpp">
      <Filter>Source Files</Filter>
    </ClCompile>
    <ClCompile Include="..\src\instructions.cpp">
      <Filter>Source Files</Filter>
    </ClCompile>
    <ClCompile Include="..\src\stackjit.cpp">
      <Filter>Source Files</Filter>
    </ClCompile>
    <ClCompile Include="..\src\vmstate.cpp">
      <Filter>Source Files</Filter>
    </ClCompile>
    <ClCompile Include="..\src\compiler\amd64.cpp">
      <Filter>Source Files\compiler</Filter>
    </ClCompile>
    <ClCompile Include="..\src\compiler\binder.cpp">
      <Filter>Source Files\compiler</Filter>
    </ClCompile>
    <ClCompile Include="..\src\compiler\codegenerator.cpp">
      <Filter>Source Files\compiler</Filter>
    </ClCompile>
    <ClCompile Include="..\src\compiler\compilationdata.cpp">
      <Filter>Source Files\compiler</Filter>
    </ClCompile>
    <ClCompile Include="..\src\compiler\exceptions.cpp">
      <Filter>Source Files\compiler</Filter>
    </ClCompile>
    <ClCompile Include="..\src\compiler\jit.cpp">
      <Filter>Source Files\compiler</Filter>
    </ClCompile>
    <ClCompile Include="..\src\loader\imagecontainer.cpp">
      <Filter>Source Files\loader</Filter>
    </ClCompile>
    <ClCompile Include="..\src\loader\imageloader.cpp">
      <Filter>Source Files\loader</Filter>
    </ClCompile>
    <ClCompile Include="..\src\loader\loader.cpp">
      <Filter>Source Files\loader</Filter>
    </ClCompile>
    <ClCompile Include="..\src\loader\parser.cpp">
      <Filter>Source Files\loader</Filter>
    </ClCompile>
    <ClCompile Include="..\src\loader\verifier.cpp">
      <Filter>Source Files\loader</Filter>
    </ClCompile>
    <ClCompile Include="..\src\runtime\callstack.cpp">
      <Filter>Source Files\runtime</Filter>
    </ClCompile>
    <ClCompile Include="..\src\runtime\gc.cpp">
      <Filter>Source Files\runtime</Filter>
    </ClCompile>
    <ClCompile Include="..\src\runtime\native.cpp">
      <Filter>Source Files\runtime</Filter>
    </ClCompile>
    <ClCompile Include="..\src\runtime\rtlibrary.cpp">
      <Filter>Source Files\runtime</Filter>
    </ClCompile>
    <ClCompile Include="..\src\runtime\stackframe.cpp">
      <Filter>Source Files\runtime</Filter>
    </ClCompile>
    <ClCompile Include="..\src\test\test.cpp">
      <Filter>Source Files\test</Filter>
    </ClCompile>
    <ClCompile Include="..\src\type\classmetadata.cpp">
      <Filter>Source Files\type</Filter>
    </ClCompile>
    <ClCompile Include="..\src\type\objectref.cpp">
      <Filter>Source Files\type</Filter>
    </ClCompile>
    <ClCompile Include="..\src\type\objects.cpp">
      <Filter>Source Files\type</Filter>
    </ClCompile>
    <ClCompile Include="..\src\type\type.cpp">
      <Filter>Source Files\type</Filter>
    </ClCompile>
    <ClCompile Include="..\src\type\typeprovider.cpp">
      <Filter>Source Files\type</Filter>
    </ClCompile>
  </ItemGroup>
</Project>